// !$*UTF8*$!
{
	archiveVersion = 1;
	classes = {
	};
	objectVersion = 56;
	objects = {

		6B85BC543F6CD3CD9785D800 = {isa = PBXBuildFile; fileRef = F960768F0EDEB1D145DDACC1; };
		1FC1B1D68467C6268C08C1C2 = {isa = PBXBuildFile; fileRef = BE951495527FF36C0D371B02; };
		4474EBCF50B89BB3B509F3C2 = {isa = PBXBuildFile; fileRef = EECBCBF4DCB76C106A12ADCB; };
		045A9F16D7D3EA8E2524D3A2 = {isa = PBXBuildFile; fileRef = B5ABCC462A9546332BC9F817; };
		93ED573C7D74BDC03207517E = {isa = PBXBuildFile; fileRef = FEC42B5C69D2BCDCC39F7D16; };
		0DCEA4EEE089CC1AAB41342A = {isa = PBXBuildFile; fileRef = 6EC21124793A33FD99EC5024; };
		4E85A865309160B243A7B3F8 = {isa = PBXBuildFile; fileRef = 60A3C9C18EB00A94FD340752; };
		F960768F0EDEB1D145DDACC1 = {isa = PBXFileReference; lastKnownFileType = sourcecode.swift; path = ProjectAlphaApp.swift; sourceTree = "<group>"; };
		BE951495527FF36C0D371B02 = {isa = PBXFileReference; lastKnownFileType = sourcecode.swift; path = Gif.swift; sourceTree = "<group>"; };
		EECBCBF4DCB76C106A12ADCB = {isa = PBXFileReference; lastKnownFileType = sourcecode.swift; path = LikeManager.swift; sourceTree = "<group>"; };
		B5ABCC462A9546332BC9F817 = {isa = PBXFileReference; lastKnownFileType = sourcecode.swift; path = GiphyService.swift; sourceTree = "<group>"; };
		FEC42B5C69D2BCDCC39F7D16 = {isa = PBXFileReference; lastKnownFileType = sourcecode.swift; path = AnimatedGifView.swift; sourceTree = "<group>"; };
		6EC21124793A33FD99EC5024 = {isa = PBXFileReference; lastKnownFileType = sourcecode.swift; path = ContentView.swift; sourceTree = "<group>"; };
		60A3C9C18EB00A94FD340752 = {isa = PBXFileReference; lastKnownFileType = sourcecode.swift; path = GifPageView.swift; sourceTree = "<group>"; };
		820301DA70B90E58F884DEB9 = {isa = PBXFileReference; lastKnownFileType = text.plist.xml; path = Info.plist; sourceTree = "<group>"; };
		9D107A8E6B8703D2B43D8307 = {isa = PBXFileReference; explicitFileType = wrapper.application; includeInIndex = 0; path = ProjectAlpha.app; sourceTree = BUILT_PRODUCTS_DIR; };
		9B21A922C1487E69963B16A2 = {isa = PBXGroup; children = (BE951495527FF36C0D371B02,); path = Models; sourceTree = "<group>"; };
		A31D3374946AEC6B0D3886C2 = {isa = PBXGroup; children = (B5ABCC462A9546332BC9F817, EECBCBF4DCB76C106A12ADCB,); path = Services; sourceTree = "<group>"; };
		7EFEE443E878286B9201B84F = {isa = PBXGroup; children = (FEC42B5C69D2BCDCC39F7D16, 6EC21124793A33FD99EC5024, 60A3C9C18EB00A94FD340752,); path = Views; sourceTree = "<group>"; };
		CF8D0BD4B75E8C2C174692A5 = {isa = PBXGroup; children = (F960768F0EDEB1D145DDACC1, 820301DA70B90E58F884DEB9, 9B21A922C1487E69963B16A2, A31D3374946AEC6B0D3886C2, 7EFEE443E878286B9201B84F,); path = ProjectAlpha; sourceTree = "<group>"; };
		00C45FD35CB0F9C5F764F070 = {isa = PBXGroup; children = (9D107A8E6B8703D2B43D8307,); name = Products; sourceTree = "<group>"; };
		ADCF10F76EBF2A74473E9DC4 = {isa = PBXGroup; children = (CF8D0BD4B75E8C2C174692A5, 00C45FD35CB0F9C5F764F070,); sourceTree = "<group>"; };
		CF5BDB0BEAFE176F9629192A = {isa = PBXFrameworksBuildPhase; buildActionMask = 2147483647; files = (); runOnlyForDeploymentPostprocessing = 0; };
		98F54143AB4E86B28C3AFEE0 = {
			isa = PBXProject;
			buildConfigurationList = 3D29D9F3A882C4202964FB56;
			compatibilityVersion = "Xcode 14.0";
			developmentRegion = en;
			hasScannedForEncodings = 0;
			knownRegions = (en, Base, );
			mainGroup = ADCF10F76EBF2A74473E9DC4;
			productRefGroup = 00C45FD35CB0F9C5F764F070;
			projectDirPath = "";
			projectRoot = "";
			targets = (0E8A3AD980EC179856012B7E,);
		};
		C02F1309AF4906C92F1EAD44 = {isa = PBXResourcesBuildPhase; buildActionMask = 2147483647; files = (); runOnlyForDeploymentPostprocessing = 0; };
		1CDF2F71A52B082132B04DFF = {isa = PBXSourcesBuildPhase; buildActionMask = 2147483647; files = (6B85BC543F6CD3CD9785D800, 1FC1B1D68467C6268C08C1C2, 045A9F16D7D3EA8E2524D3A2, 93ED573C7D74BDC03207517E, 0DCEA4EEE089CC1AAB41342A, 4E85A865309160B243A7B3F8, 4474EBCF50B89BB3B509F3C2); runOnlyForDeploymentPostprocessing = 0; };
		0E8A3AD980EC179856012B7E = {
			isa = PBXNativeTarget;
			buildConfigurationList = D28A2B497FA98060CD1B56AC;
			buildPhases = (1CDF2F71A52B082132B04DFF, CF5BDB0BEAFE176F9629192A, C02F1309AF4906C92F1EAD44,);
			buildRules = ();
			dependencies = ();
			name = ProjectAlpha;
			productName = ProjectAlpha;
			productReference = 9D107A8E6B8703D2B43D8307;
			productType = "com.apple.product-type.application";
		};
		E3EBCBBFB33611052F1F254E = {isa = XCBuildConfiguration; buildSettings = {ALWAYS_SEARCH_USER_PATHS = NO; CLANG_ENABLE_MODULES = YES; CODE_SIGN_IDENTITY = "iPhone Developer"; DEBUG_INFORMATION_FORMAT = dwarf; GCC_DYNAMIC_NO_COMMON = YES; IPHONEOS_DEPLOYMENT_TARGET = 17.0; ONLY_ACTIVE_ARCH = YES; SDKROOT = iphoneos; SWIFT_ACTIVE_COMPILATION_CONDITIONS = DEBUG; SWIFT_OPTIMIZATION_LEVEL = "-Onone"; }; name = Debug; };
		45A51FDE45C8C9313F9CC216 = {isa = XCBuildConfiguration; buildSettings = {ALWAYS_SEARCH_USER_PATHS = NO; CLANG_ENABLE_MODULES = YES; CODE_SIGN_IDENTITY = "iPhone Developer"; COPY_PHASE_STRIP = NO; DEBUG_INFORMATION_FORMAT = "dwarf-with-dsym"; GCC_DYNAMIC_NO_COMMON = YES; IPHONEOS_DEPLOYMENT_TARGET = 17.0; SDKROOT = iphoneos; SWIFT_OPTIMIZATION_LEVEL = "-O"; VALIDATE_PRODUCT = YES; }; name = Release; };
		9586E89FBE346731A8FAC1E8 = {isa = XCBuildConfiguration; buildSettings = {
				ALWAYS_SEARCH_USER_PATHS = NO;
				CLANG_ENABLE_MODULES = YES;
				CODE_SIGN_STYLE = Automatic;
				CURRENT_PROJECT_VERSION = 1;
				DEVELOPMENT_TEAM = "";
				INFOPLIST_FILE = ProjectAlpha/Info.plist;
				INFOPLIST_KEY_UIApplicationSupportsIndirectInputEvents = YES;
				INFOPLIST_KEY_UILaunchScreen_Generation = YES;
				IPHONEOS_DEPLOYMENT_TARGET = 17.0;
				LD_RUNPATH_SEARCH_PATHS = "$(inherited) @executable_path/Frameworks";
				MARKETING_VERSION = 1.0;
				PRODUCT_BUNDLE_IDENTIFIER = com.emckeon97.ProjectAlpha;
				PRODUCT_NAME = "$(TARGET_NAME)";
				SWIFT_EMIT_LOC_STRINGS = YES;
				SWIFT_VERSION = 5.0;
				TARGETED_DEVICE_FAMILY = "1,2";
				DEBUG_INFORMATION_FORMAT = dwarf;
				GCC_DYNAMIC_NO_COMMON = YES;
				ONLY_ACTIVE_ARCH = YES;
				SDKROOT = iphoneos;
				SWIFT_ACTIVE_COMPILATION_CONDITIONS = DEBUG;
				SWIFT_OPTIMIZATION_LEVEL = "-Onone";
			}; name = Debug; };
		C08309BB1D0C93C4165F9DF3 = {isa = XCBuildConfiguration; buildSettings = {
				ALWAYS_SEARCH_USER_PATHS = NO;
				CLANG_ENABLE_MODULES = YES;
				CODE_SIGN_STYLE = Automatic;
				CURRENT_PROJECT_VERSION = 1;
				DEVELOPMENT_TEAM = "";
				INFOPLIST_FILE = ProjectAlpha/Info.plist;
				INFOPLIST_KEY_UIApplicationSupportsIndirectInputEvents = YES;
				INFOPLIST_KEY_UILaunchScreen_Generation = YES;
				IPHONEOS_DEPLOYMENT_TARGET = 17.0;
				LD_RUNPATH_SEARCH_PATHS = "$(inherited) @executable_path/Frameworks";
				MARKETING_VERSION = 1.0;
				PRODUCT_BUNDLE_IDENTIFIER = com.emckeon97.ProjectAlpha;
				PRODUCT_NAME = "$(TARGET_NAME)";
				SWIFT_EMIT_LOC_STRINGS = YES;
				SWIFT_VERSION = 5.0;
				TARGETED_DEVICE_FAMILY = "1,2";
				COPY_PHASE_STRIP = NO;
				DEBUG_INFORMATION_FORMAT = "dwarf-with-dsym";
				GCC_DYNAMIC_NO_COMMON = YES;
				SDKROOT = iphoneos;
				SWIFT_OPTIMIZATION_LEVEL = "-O";
				VALIDATE_PRODUCT = YES;
			}; name = Release; };
		3D29D9F3A882C4202964FB56 = {isa = XCConfigurationList; buildConfigurations = (E3EBCBBFB33611052F1F254E, 45A51FDE45C8C9313F9CC216,); defaultConfigurationIsVisible = 0; defaultConfigurationName = Release; };
		D28A2B497FA98060CD1B56AC = {isa = XCConfigurationList; buildConfigurations = (9586E89FBE346731A8FAC1E8, C08309BB1D0C93C4165F9DF3,); defaultConfigurationIsVisible = 0; defaultConfigurationName = Release; };
	};
	rootObject = 98F54143AB4E86B28C3AFEE0;
}
